// !$*UTF8*$!
{
	archiveVersion = 1;
	classes = {
	};
	objectVersion = 56;
	objects = {

/* Begin PBXBuildFile section */
		420404A42A9D1FB2004DE201 /* PrimaryButton.swift in Sources */ = {isa = PBXBuildFile; fileRef = 420404A32A9D1FB2004DE201 /* PrimaryButton.swift */; };
		420404A62A9D2284004DE201 /* Icons.swift in Sources */ = {isa = PBXBuildFile; fileRef = 420404A52A9D2284004DE201 /* Icons.swift */; };
		420404A82A9D25AE004DE201 /* CenterModifier.swift in Sources */ = {isa = PBXBuildFile; fileRef = 420404A72A9D25AD004DE201 /* CenterModifier.swift */; };
		420404AA2A9D3010004DE201 /* LoginView.swift in Sources */ = {isa = PBXBuildFile; fileRef = 420404A92A9D3010004DE201 /* LoginView.swift */; };
		420404AC2A9D31DF004DE201 /* TestView.swift in Sources */ = {isa = PBXBuildFile; fileRef = 420404AB2A9D31DF004DE201 /* TestView.swift */; };
		420404AF2A9D37E3004DE201 /* TextFieldAutoValidation.swift in Sources */ = {isa = PBXBuildFile; fileRef = 420404AE2A9D37E3004DE201 /* TextFieldAutoValidation.swift */; };
		423A2D632A9A9E2C00C23D04 /* GetStartedButton.swift in Sources */ = {isa = PBXBuildFile; fileRef = 423A2D622A9A9E2C00C23D04 /* GetStartedButton.swift */; };
		423A2D672A9B4E2D00C23D04 /* IntroView.swift in Sources */ = {isa = PBXBuildFile; fileRef = 423A2D662A9B4E2D00C23D04 /* IntroView.swift */; };
		423A2D6B2A9B5D5D00C23D04 /* Color.swift in Sources */ = {isa = PBXBuildFile; fileRef = 423A2D6A2A9B5D5D00C23D04 /* Color.swift */; };
		423A2D6E2A9B86BB00C23D04 /* SingUpView.swift in Sources */ = {isa = PBXBuildFile; fileRef = 423A2D6D2A9B86BB00C23D04 /* SingUpView.swift */; };
		423A2D762A9BD2B800C23D04 /* TextFieldModifier.swift in Sources */ = {isa = PBXBuildFile; fileRef = 423A2D752A9BD2B800C23D04 /* TextFieldModifier.swift */; };
		424145122AB24508009DD21D /* BasicToolBar.swift in Sources */ = {isa = PBXBuildFile; fileRef = 424145112AB24508009DD21D /* BasicToolBar.swift */; };
		424AD6642AB723C80020AC42 /* AdaptsToKeyboard.swift in Sources */ = {isa = PBXBuildFile; fileRef = 424AD6632AB723C80020AC42 /* AdaptsToKeyboard.swift */; };
		424AD6682AB741890020AC42 /* ForgetPasswordModel.swift in Sources */ = {isa = PBXBuildFile; fileRef = 424AD6672AB741890020AC42 /* ForgetPasswordModel.swift */; };
		424AD66A2AB78B8D0020AC42 /* SetUserPasswordModel.swift in Sources */ = {isa = PBXBuildFile; fileRef = 424AD6692AB78B8D0020AC42 /* SetUserPasswordModel.swift */; };
		424AD66C2AB797740020AC42 /* KeyChainManager.swift in Sources */ = {isa = PBXBuildFile; fileRef = 424AD66B2AB797740020AC42 /* KeyChainManager.swift */; };
		424AD66F2AB8E55A0020AC42 /* HomePage.swift in Sources */ = {isa = PBXBuildFile; fileRef = 424AD66E2AB8E55A0020AC42 /* HomePage.swift */; };
		424F45D82A99328800FA7376 /* FluxStoreApp.swift in Sources */ = {isa = PBXBuildFile; fileRef = 424F45D72A99328800FA7376 /* FluxStoreApp.swift */; };
		424F45DC2A99328900FA7376 /* Assets.xcassets in Resources */ = {isa = PBXBuildFile; fileRef = 424F45DB2A99328900FA7376 /* Assets.xcassets */; };
		424F45DF2A99328900FA7376 /* Preview Assets.xcassets in Resources */ = {isa = PBXBuildFile; fileRef = 424F45DE2A99328900FA7376 /* Preview Assets.xcassets */; };
		424F45E92A99328900FA7376 /* FluxStoreTests.swift in Sources */ = {isa = PBXBuildFile; fileRef = 424F45E82A99328900FA7376 /* FluxStoreTests.swift */; };
		424F45F32A99328900FA7376 /* FluxStoreUITests.swift in Sources */ = {isa = PBXBuildFile; fileRef = 424F45F22A99328900FA7376 /* FluxStoreUITests.swift */; };
		424F45F52A99328900FA7376 /* FluxStoreUITestsLaunchTests.swift in Sources */ = {isa = PBXBuildFile; fileRef = 424F45F42A99328900FA7376 /* FluxStoreUITestsLaunchTests.swift */; };
		424F46092A993D3200FA7376 /* Images.xcassets in Resources */ = {isa = PBXBuildFile; fileRef = 424F46082A993D3200FA7376 /* Images.xcassets */; };
		424F460B2A993D4700FA7376 /* Colors.xcassets in Resources */ = {isa = PBXBuildFile; fileRef = 424F460A2A993D4700FA7376 /* Colors.xcassets */; };
		424F460E2A993DC100FA7376 /* WelcomeView.swift in Sources */ = {isa = PBXBuildFile; fileRef = 424F460D2A993DC100FA7376 /* WelcomeView.swift */; };
		424F46102A993E4000FA7376 /* Icons.xcassets in Resources */ = {isa = PBXBuildFile; fileRef = 424F460F2A993E4000FA7376 /* Icons.xcassets */; };
		424F46142A9940A800FA7376 /* Images.swift in Sources */ = {isa = PBXBuildFile; fileRef = 424F46132A9940A800FA7376 /* Images.swift */; };
		426278532AB5D9A9002689B7 /* Endpoint.swift in Sources */ = {isa = PBXBuildFile; fileRef = 426278522AB5D9A9002689B7 /* Endpoint.swift */; };
		426278552AB5D9CB002689B7 /* NetworkManager.swift in Sources */ = {isa = PBXBuildFile; fileRef = 426278542AB5D9CB002689B7 /* NetworkManager.swift */; };
		4262785C2AB5E16F002689B7 /* SetUserModel.swift in Sources */ = {isa = PBXBuildFile; fileRef = 4262785B2AB5E16F002689B7 /* SetUserModel.swift */; };
		4262785F2AB61685002689B7 /* ToastView.swift in Sources */ = {isa = PBXBuildFile; fileRef = 4262785E2AB61685002689B7 /* ToastView.swift */; };
		426278612AB616C8002689B7 /* ToastStyle.swift in Sources */ = {isa = PBXBuildFile; fileRef = 426278602AB616C8002689B7 /* ToastStyle.swift */; };
		426278642AB616EB002689B7 /* Toast.swift in Sources */ = {isa = PBXBuildFile; fileRef = 426278632AB616EB002689B7 /* Toast.swift */; };
		426278662AB61734002689B7 /* ToastModifier.swift in Sources */ = {isa = PBXBuildFile; fileRef = 426278652AB61734002689B7 /* ToastModifier.swift */; };
		4262786A2AB619EC002689B7 /* Toast+View+Extension.swift in Sources */ = {isa = PBXBuildFile; fileRef = 426278692AB619EC002689B7 /* Toast+View+Extension.swift */; };
		4262786D2AB634D7002689B7 /* AppStorageManager.swift in Sources */ = {isa = PBXBuildFile; fileRef = 4262786C2AB634D7002689B7 /* AppStorageManager.swift */; };
		426278732AB65063002689B7 /* LoginModel.swift in Sources */ = {isa = PBXBuildFile; fileRef = 426278722AB65063002689B7 /* LoginModel.swift */; };
		4272165E2AB3821A00F09075 /* BaseTextField.swift in Sources */ = {isa = PBXBuildFile; fileRef = 4272165C2AB3821A00F09075 /* BaseTextField.swift */; };
		4272165F2AB3821A00F09075 /* BaseSecureTextField.swift in Sources */ = {isa = PBXBuildFile; fileRef = 4272165D2AB3821A00F09075 /* BaseSecureTextField.swift */; };
		42C8A82F2A9E739400A36F81 /* Banner.swift in Sources */ = {isa = PBXBuildFile; fileRef = 42C8A82E2A9E739400A36F81 /* Banner.swift */; };
		42C8A8312A9E864100A36F81 /* SocialIconWidget.swift in Sources */ = {isa = PBXBuildFile; fileRef = 42C8A8302A9E864100A36F81 /* SocialIconWidget.swift */; };
		42C8A8342A9E97CA00A36F81 /* ForgetPasswordView.swift in Sources */ = {isa = PBXBuildFile; fileRef = 42C8A8332A9E97CA00A36F81 /* ForgetPasswordView.swift */; };
		42C8A8362A9F4ACA00A36F81 /* VerificationCodeView.swift in Sources */ = {isa = PBXBuildFile; fileRef = 42C8A8352A9F4ACA00A36F81 /* VerificationCodeView.swift */; };
		42F221342ABA34B40056F620 /* ThemeManager.swift in Sources */ = {isa = PBXBuildFile; fileRef = 42F221332ABA34B40056F620 /* ThemeManager.swift */; };
		42F221362ABA3EF80056F620 /* TextFieldValidation.swift in Sources */ = {isa = PBXBuildFile; fileRef = 42F221352ABA3EF80056F620 /* TextFieldValidation.swift */; };
		42F221392ABCE8330056F620 /* ErrorModel.swift in Sources */ = {isa = PBXBuildFile; fileRef = 42F221382ABCE8330056F620 /* ErrorModel.swift */; };
		42F2A4D62AACA0B700043EC7 /* CreateNewPasswordView.swift in Sources */ = {isa = PBXBuildFile; fileRef = 42F2A4D52AACA0B700043EC7 /* CreateNewPasswordView.swift */; };
/* End PBXBuildFile section */

/* Begin PBXContainerItemProxy section */
		424F45E52A99328900FA7376 /* PBXContainerItemProxy */ = {
			isa = PBXContainerItemProxy;
			containerPortal = 424F45CC2A99328800FA7376 /* Project object */;
			proxyType = 1;
			remoteGlobalIDString = 424F45D32A99328800FA7376;
			remoteInfo = FluxStore;
		};
		424F45EF2A99328900FA7376 /* PBXContainerItemProxy */ = {
			isa = PBXContainerItemProxy;
			containerPortal = 424F45CC2A99328800FA7376 /* Project object */;
			proxyType = 1;
			remoteGlobalIDString = 424F45D32A99328800FA7376;
			remoteInfo = FluxStore;
		};
/* End PBXContainerItemProxy section */

/* Begin PBXFileReference section */
		420404A32A9D1FB2004DE201 /* PrimaryButton.swift */ = {isa = PBXFileReference; lastKnownFileType = sourcecode.swift; path = PrimaryButton.swift; sourceTree = "<group>"; };
		420404A52A9D2284004DE201 /* Icons.swift */ = {isa = PBXFileReference; lastKnownFileType = sourcecode.swift; path = Icons.swift; sourceTree = "<group>"; };
		420404A72A9D25AD004DE201 /* CenterModifier.swift */ = {isa = PBXFileReference; lastKnownFileType = sourcecode.swift; path = CenterModifier.swift; sourceTree = "<group>"; };
		420404A92A9D3010004DE201 /* LoginView.swift */ = {isa = PBXFileReference; lastKnownFileType = sourcecode.swift; path = LoginView.swift; sourceTree = "<group>"; };
		420404AB2A9D31DF004DE201 /* TestView.swift */ = {isa = PBXFileReference; lastKnownFileType = sourcecode.swift; path = TestView.swift; sourceTree = "<group>"; };
		420404AE2A9D37E3004DE201 /* TextFieldAutoValidation.swift */ = {isa = PBXFileReference; lastKnownFileType = sourcecode.swift; path = TextFieldAutoValidation.swift; sourceTree = "<group>"; };
		423A2D622A9A9E2C00C23D04 /* GetStartedButton.swift */ = {isa = PBXFileReference; lastKnownFileType = sourcecode.swift; path = GetStartedButton.swift; sourceTree = "<group>"; };
		423A2D662A9B4E2D00C23D04 /* IntroView.swift */ = {isa = PBXFileReference; lastKnownFileType = sourcecode.swift; path = IntroView.swift; sourceTree = "<group>"; };
		423A2D6A2A9B5D5D00C23D04 /* Color.swift */ = {isa = PBXFileReference; lastKnownFileType = sourcecode.swift; path = Color.swift; sourceTree = "<group>"; };
		423A2D6D2A9B86BB00C23D04 /* SingUpView.swift */ = {isa = PBXFileReference; lastKnownFileType = sourcecode.swift; path = SingUpView.swift; sourceTree = "<group>"; };
		423A2D752A9BD2B800C23D04 /* TextFieldModifier.swift */ = {isa = PBXFileReference; lastKnownFileType = sourcecode.swift; path = TextFieldModifier.swift; sourceTree = "<group>"; };
		424145112AB24508009DD21D /* BasicToolBar.swift */ = {isa = PBXFileReference; lastKnownFileType = sourcecode.swift; path = BasicToolBar.swift; sourceTree = "<group>"; };
		424AD6632AB723C80020AC42 /* AdaptsToKeyboard.swift */ = {isa = PBXFileReference; lastKnownFileType = sourcecode.swift; path = AdaptsToKeyboard.swift; sourceTree = "<group>"; };
		424AD6672AB741890020AC42 /* ForgetPasswordModel.swift */ = {isa = PBXFileReference; lastKnownFileType = sourcecode.swift; path = ForgetPasswordModel.swift; sourceTree = "<group>"; };
		424AD6692AB78B8D0020AC42 /* SetUserPasswordModel.swift */ = {isa = PBXFileReference; lastKnownFileType = sourcecode.swift; path = SetUserPasswordModel.swift; sourceTree = "<group>"; };
		424AD66B2AB797740020AC42 /* KeyChainManager.swift */ = {isa = PBXFileReference; lastKnownFileType = sourcecode.swift; path = KeyChainManager.swift; sourceTree = "<group>"; };
		424AD66E2AB8E55A0020AC42 /* HomePage.swift */ = {isa = PBXFileReference; lastKnownFileType = sourcecode.swift; path = HomePage.swift; sourceTree = "<group>"; };
		424F45D42A99328800FA7376 /* FluxStore.app */ = {isa = PBXFileReference; explicitFileType = wrapper.application; includeInIndex = 0; path = FluxStore.app; sourceTree = BUILT_PRODUCTS_DIR; };
		424F45D72A99328800FA7376 /* FluxStoreApp.swift */ = {isa = PBXFileReference; lastKnownFileType = sourcecode.swift; path = FluxStoreApp.swift; sourceTree = "<group>"; };
		424F45DB2A99328900FA7376 /* Assets.xcassets */ = {isa = PBXFileReference; lastKnownFileType = folder.assetcatalog; path = Assets.xcassets; sourceTree = "<group>"; };
		424F45DE2A99328900FA7376 /* Preview Assets.xcassets */ = {isa = PBXFileReference; lastKnownFileType = folder.assetcatalog; path = "Preview Assets.xcassets"; sourceTree = "<group>"; };
		424F45E42A99328900FA7376 /* FluxStoreTests.xctest */ = {isa = PBXFileReference; explicitFileType = wrapper.cfbundle; includeInIndex = 0; path = FluxStoreTests.xctest; sourceTree = BUILT_PRODUCTS_DIR; };
		424F45E82A99328900FA7376 /* FluxStoreTests.swift */ = {isa = PBXFileReference; lastKnownFileType = sourcecode.swift; path = FluxStoreTests.swift; sourceTree = "<group>"; };
		424F45EE2A99328900FA7376 /* FluxStoreUITests.xctest */ = {isa = PBXFileReference; explicitFileType = wrapper.cfbundle; includeInIndex = 0; path = FluxStoreUITests.xctest; sourceTree = BUILT_PRODUCTS_DIR; };
		424F45F22A99328900FA7376 /* FluxStoreUITests.swift */ = {isa = PBXFileReference; lastKnownFileType = sourcecode.swift; path = FluxStoreUITests.swift; sourceTree = "<group>"; };
		424F45F42A99328900FA7376 /* FluxStoreUITestsLaunchTests.swift */ = {isa = PBXFileReference; lastKnownFileType = sourcecode.swift; path = FluxStoreUITestsLaunchTests.swift; sourceTree = "<group>"; };
		424F46082A993D3200FA7376 /* Images.xcassets */ = {isa = PBXFileReference; lastKnownFileType = folder.assetcatalog; path = Images.xcassets; sourceTree = "<group>"; };
		424F460A2A993D4700FA7376 /* Colors.xcassets */ = {isa = PBXFileReference; lastKnownFileType = folder.assetcatalog; path = Colors.xcassets; sourceTree = "<group>"; };
		424F460D2A993DC100FA7376 /* WelcomeView.swift */ = {isa = PBXFileReference; lastKnownFileType = sourcecode.swift; path = WelcomeView.swift; sourceTree = "<group>"; };
		424F460F2A993E4000FA7376 /* Icons.xcassets */ = {isa = PBXFileReference; lastKnownFileType = folder.assetcatalog; path = Icons.xcassets; sourceTree = "<group>"; };
		424F46132A9940A800FA7376 /* Images.swift */ = {isa = PBXFileReference; lastKnownFileType = sourcecode.swift; path = Images.swift; sourceTree = "<group>"; };
		426278522AB5D9A9002689B7 /* Endpoint.swift */ = {isa = PBXFileReference; lastKnownFileType = sourcecode.swift; path = Endpoint.swift; sourceTree = "<group>"; };
		426278542AB5D9CB002689B7 /* NetworkManager.swift */ = {isa = PBXFileReference; lastKnownFileType = sourcecode.swift; path = NetworkManager.swift; sourceTree = "<group>"; };
		4262785B2AB5E16F002689B7 /* SetUserModel.swift */ = {isa = PBXFileReference; lastKnownFileType = sourcecode.swift; path = SetUserModel.swift; sourceTree = "<group>"; };
		4262785E2AB61685002689B7 /* ToastView.swift */ = {isa = PBXFileReference; lastKnownFileType = sourcecode.swift; path = ToastView.swift; sourceTree = "<group>"; };
		426278602AB616C8002689B7 /* ToastStyle.swift */ = {isa = PBXFileReference; lastKnownFileType = sourcecode.swift; path = ToastStyle.swift; sourceTree = "<group>"; };
		426278632AB616EB002689B7 /* Toast.swift */ = {isa = PBXFileReference; lastKnownFileType = sourcecode.swift; path = Toast.swift; sourceTree = "<group>"; };
		426278652AB61734002689B7 /* ToastModifier.swift */ = {isa = PBXFileReference; lastKnownFileType = sourcecode.swift; path = ToastModifier.swift; sourceTree = "<group>"; };
		426278692AB619EC002689B7 /* Toast+View+Extension.swift */ = {isa = PBXFileReference; lastKnownFileType = sourcecode.swift; path = "Toast+View+Extension.swift"; sourceTree = "<group>"; };
		4262786C2AB634D7002689B7 /* AppStorageManager.swift */ = {isa = PBXFileReference; lastKnownFileType = sourcecode.swift; path = AppStorageManager.swift; sourceTree = "<group>"; };
		426278722AB65063002689B7 /* LoginModel.swift */ = {isa = PBXFileReference; lastKnownFileType = sourcecode.swift; path = LoginModel.swift; sourceTree = "<group>"; };
		4272165C2AB3821A00F09075 /* BaseTextField.swift */ = {isa = PBXFileReference; fileEncoding = 4; lastKnownFileType = sourcecode.swift; path = BaseTextField.swift; sourceTree = "<group>"; };
		4272165D2AB3821A00F09075 /* BaseSecureTextField.swift */ = {isa = PBXFileReference; fileEncoding = 4; lastKnownFileType = sourcecode.swift; path = BaseSecureTextField.swift; sourceTree = "<group>"; };
		42C8A82E2A9E739400A36F81 /* Banner.swift */ = {isa = PBXFileReference; lastKnownFileType = sourcecode.swift; path = Banner.swift; sourceTree = "<group>"; };
		42C8A8302A9E864100A36F81 /* SocialIconWidget.swift */ = {isa = PBXFileReference; lastKnownFileType = sourcecode.swift; path = SocialIconWidget.swift; sourceTree = "<group>"; };
		42C8A8332A9E97CA00A36F81 /* ForgetPasswordView.swift */ = {isa = PBXFileReference; lastKnownFileType = sourcecode.swift; path = ForgetPasswordView.swift; sourceTree = "<group>"; };
		42C8A8352A9F4ACA00A36F81 /* VerificationCodeView.swift */ = {isa = PBXFileReference; lastKnownFileType = sourcecode.swift; path = VerificationCodeView.swift; sourceTree = "<group>"; };
		42F221332ABA34B40056F620 /* ThemeManager.swift */ = {isa = PBXFileReference; lastKnownFileType = sourcecode.swift; path = ThemeManager.swift; sourceTree = "<group>"; };
		42F221352ABA3EF80056F620 /* TextFieldValidation.swift */ = {isa = PBXFileReference; lastKnownFileType = sourcecode.swift; path = TextFieldValidation.swift; sourceTree = "<group>"; };
		42F221382ABCE8330056F620 /* ErrorModel.swift */ = {isa = PBXFileReference; lastKnownFileType = sourcecode.swift; path = ErrorModel.swift; sourceTree = "<group>"; };
		42F2A4D52AACA0B700043EC7 /* CreateNewPasswordView.swift */ = {isa = PBXFileReference; lastKnownFileType = sourcecode.swift; path = CreateNewPasswordView.swift; sourceTree = "<group>"; };
/* End PBXFileReference section */

/* Begin PBXFrameworksBuildPhase section */
		424F45D12A99328800FA7376 /* Frameworks */ = {
			isa = PBXFrameworksBuildPhase;
			buildActionMask = 2147483647;
			files = (
			);
			runOnlyForDeploymentPostprocessing = 0;
		};
		424F45E12A99328900FA7376 /* Frameworks */ = {
			isa = PBXFrameworksBuildPhase;
			buildActionMask = 2147483647;
			files = (
			);
			runOnlyForDeploymentPostprocessing = 0;
		};
		424F45EB2A99328900FA7376 /* Frameworks */ = {
			isa = PBXFrameworksBuildPhase;
			buildActionMask = 2147483647;
			files = (
			);
			runOnlyForDeploymentPostprocessing = 0;
		};
/* End PBXFrameworksBuildPhase section */

/* Begin PBXGroup section */
		423A2D6C2A9B869B00C23D04 /* Login */ = {
			isa = PBXGroup;
			children = (
				420404A92A9D3010004DE201 /* LoginView.swift */,
			);
			path = Login;
			sourceTree = "<group>";
		};
		424145102AB244ED009DD21D /* ToolBar */ = {
			isa = PBXGroup;
			children = (
				424145112AB24508009DD21D /* BasicToolBar.swift */,
			);
			path = ToolBar;
			sourceTree = "<group>";
		};
		424AD6622AB723AF0020AC42 /* AdaptsToKeyboard */ = {
			isa = PBXGroup;
			children = (
				424AD6632AB723C80020AC42 /* AdaptsToKeyboard.swift */,
			);
			path = AdaptsToKeyboard;
			sourceTree = "<group>";
		};
		424AD66D2AB8E53F0020AC42 /* HomePage */ = {
			isa = PBXGroup;
			children = (
				424AD66E2AB8E55A0020AC42 /* HomePage.swift */,
			);
			path = HomePage;
			sourceTree = "<group>";
		};
		424F45CB2A99328800FA7376 = {
			isa = PBXGroup;
			children = (
				424F45D62A99328800FA7376 /* FluxStore */,
				424F45E72A99328900FA7376 /* FluxStoreTests */,
				424F45F12A99328900FA7376 /* FluxStoreUITests */,
				424F45D52A99328800FA7376 /* Products */,
			);
			sourceTree = "<group>";
		};
		424F45D52A99328800FA7376 /* Products */ = {
			isa = PBXGroup;
			children = (
				424F45D42A99328800FA7376 /* FluxStore.app */,
				424F45E42A99328900FA7376 /* FluxStoreTests.xctest */,
				424F45EE2A99328900FA7376 /* FluxStoreUITests.xctest */,
			);
			name = Products;
			sourceTree = "<group>";
		};
		424F45D62A99328800FA7376 /* FluxStore */ = {
			isa = PBXGroup;
			children = (
				426278512AB5D968002689B7 /* Service */,
				427216672AB3837B00F09075 /* Reources */,
				427216602AB3828D00F09075 /* Utils */,
				427216562AB380B600F09075 /* Product */,
				424F46072A993CDD00FA7376 /* Feature */,
				424F45D72A99328800FA7376 /* FluxStoreApp.swift */,
				424F45DD2A99328900FA7376 /* Preview Content */,
			);
			path = FluxStore;
			sourceTree = "<group>";
		};
		424F45DD2A99328900FA7376 /* Preview Content */ = {
			isa = PBXGroup;
			children = (
				424F45DE2A99328900FA7376 /* Preview Assets.xcassets */,
			);
			path = "Preview Content";
			sourceTree = "<group>";
		};
		424F45E72A99328900FA7376 /* FluxStoreTests */ = {
			isa = PBXGroup;
			children = (
				424F45E82A99328900FA7376 /* FluxStoreTests.swift */,
			);
			path = FluxStoreTests;
			sourceTree = "<group>";
		};
		424F45F12A99328900FA7376 /* FluxStoreUITests */ = {
			isa = PBXGroup;
			children = (
				424F45F22A99328900FA7376 /* FluxStoreUITests.swift */,
				424F45F42A99328900FA7376 /* FluxStoreUITestsLaunchTests.swift */,
			);
			path = FluxStoreUITests;
			sourceTree = "<group>";
		};
		424F46072A993CDD00FA7376 /* Feature */ = {
			isa = PBXGroup;
			children = (
				424AD66D2AB8E53F0020AC42 /* HomePage */,
				427216682AB3849400F09075 /* SignUp */,
				4272165B2AB3816800F09075 /* Intro */,
				42C8A8322A9E97B700A36F81 /* ForgetPassword */,
				423A2D6C2A9B869B00C23D04 /* Login */,
				424F460C2A993DA200FA7376 /* Welcome */,
			);
			path = Feature;
			sourceTree = "<group>";
		};
		424F460C2A993DA200FA7376 /* Welcome */ = {
			isa = PBXGroup;
			children = (
				424F460D2A993DC100FA7376 /* WelcomeView.swift */,
			);
			path = Welcome;
			sourceTree = "<group>";
		};
		4262784B2AB4A37C002689B7 /* Storage */ = {
			isa = PBXGroup;
			children = (
				4262786B2AB634C4002689B7 /* AppStorage */,
				4262784C2AB4A385002689B7 /* KeyChain */,
			);
			path = Storage;
			sourceTree = "<group>";
		};
		4262784C2AB4A385002689B7 /* KeyChain */ = {
			isa = PBXGroup;
			children = (
				424AD66B2AB797740020AC42 /* KeyChainManager.swift */,
			);
			path = KeyChain;
			sourceTree = "<group>";
		};
		426278512AB5D968002689B7 /* Service */ = {
			isa = PBXGroup;
			children = (
				426278562AB5D9F6002689B7 /* Model */,
				426278522AB5D9A9002689B7 /* Endpoint.swift */,
				426278542AB5D9CB002689B7 /* NetworkManager.swift */,
			);
			path = Service;
			sourceTree = "<group>";
		};
		426278562AB5D9F6002689B7 /* Model */ = {
			isa = PBXGroup;
			children = (
				42F221372ABCE7F70056F620 /* Error */,
				426278572AB5DBE3002689B7 /* User */,
			);
			path = Model;
			sourceTree = "<group>";
		};
		426278572AB5DBE3002689B7 /* User */ = {
			isa = PBXGroup;
			children = (
				426278722AB65063002689B7 /* LoginModel.swift */,
				4262785B2AB5E16F002689B7 /* SetUserModel.swift */,
				424AD6672AB741890020AC42 /* ForgetPasswordModel.swift */,
				424AD6692AB78B8D0020AC42 /* SetUserPasswordModel.swift */,
			);
			path = User;
			sourceTree = "<group>";
		};
		4262785D2AB61677002689B7 /* Toast */ = {
			isa = PBXGroup;
			children = (
				4262785E2AB61685002689B7 /* ToastView.swift */,
				426278602AB616C8002689B7 /* ToastStyle.swift */,
				426278632AB616EB002689B7 /* Toast.swift */,
				426278652AB61734002689B7 /* ToastModifier.swift */,
				426278692AB619EC002689B7 /* Toast+View+Extension.swift */,
			);
			path = Toast;
			sourceTree = "<group>";
		};
		4262786B2AB634C4002689B7 /* AppStorage */ = {
			isa = PBXGroup;
			children = (
				4262786C2AB634D7002689B7 /* AppStorageManager.swift */,
			);
			path = AppStorage;
			sourceTree = "<group>";
		};
		427216562AB380B600F09075 /* Product */ = {
			isa = PBXGroup;
			children = (
				427216572AB380CD00F09075 /* TextField */,
				427216582AB380DA00F09075 /* Widget */,
			);
			path = Product;
			sourceTree = "<group>";
		};
		427216572AB380CD00F09075 /* TextField */ = {
			isa = PBXGroup;
			children = (
				4272165D2AB3821A00F09075 /* BaseSecureTextField.swift */,
				4272165C2AB3821A00F09075 /* BaseTextField.swift */,
			);
			path = TextField;
			sourceTree = "<group>";
		};
		427216582AB380DA00F09075 /* Widget */ = {
			isa = PBXGroup;
			children = (
				4262785D2AB61677002689B7 /* Toast */,
				4272165A2AB380F900F09075 /* Button */,
				427216592AB380EF00F09075 /* Banner */,
				42C8A8302A9E864100A36F81 /* SocialIconWidget.swift */,
			);
			path = Widget;
			sourceTree = "<group>";
		};
		427216592AB380EF00F09075 /* Banner */ = {
			isa = PBXGroup;
			children = (
				42C8A82E2A9E739400A36F81 /* Banner.swift */,
			);
			path = Banner;
			sourceTree = "<group>";
		};
		4272165A2AB380F900F09075 /* Button */ = {
			isa = PBXGroup;
			children = (
				423A2D622A9A9E2C00C23D04 /* GetStartedButton.swift */,
				420404A32A9D1FB2004DE201 /* PrimaryButton.swift */,
			);
			path = Button;
			sourceTree = "<group>";
		};
		4272165B2AB3816800F09075 /* Intro */ = {
			isa = PBXGroup;
			children = (
				423A2D662A9B4E2D00C23D04 /* IntroView.swift */,
			);
			path = Intro;
			sourceTree = "<group>";
		};
		427216602AB3828D00F09075 /* Utils */ = {
			isa = PBXGroup;
			children = (
				42F221322ABA34990056F620 /* Theme */,
				424AD6622AB723AF0020AC42 /* AdaptsToKeyboard */,
				4262784B2AB4A37C002689B7 /* Storage */,
				427216612AB382A100F09075 /* Validation */,
				427216622AB382B800F09075 /* ViewModifiers */,
				427216632AB382CB00F09075 /* Extensions */,
				427216642AB382D600F09075 /* Enums */,
				420404AB2A9D31DF004DE201 /* TestView.swift */,
			);
			path = Utils;
			sourceTree = "<group>";
		};
		427216612AB382A100F09075 /* Validation */ = {
			isa = PBXGroup;
			children = (
				420404AE2A9D37E3004DE201 /* TextFieldAutoValidation.swift */,
				42F221352ABA3EF80056F620 /* TextFieldValidation.swift */,
			);
			path = Validation;
			sourceTree = "<group>";
		};
		427216622AB382B800F09075 /* ViewModifiers */ = {
			isa = PBXGroup;
			children = (
				420404A72A9D25AD004DE201 /* CenterModifier.swift */,
				427216652AB3832400F09075 /* TextField */,
				424145102AB244ED009DD21D /* ToolBar */,
			);
			path = ViewModifiers;
			sourceTree = "<group>";
		};
		427216632AB382CB00F09075 /* Extensions */ = {
			isa = PBXGroup;
			children = (
				427216662AB3835900F09075 /* Color */,
			);
			path = Extensions;
			sourceTree = "<group>";
		};
		427216642AB382D600F09075 /* Enums */ = {
			isa = PBXGroup;
			children = (
				424F46132A9940A800FA7376 /* Images.swift */,
				420404A52A9D2284004DE201 /* Icons.swift */,
			);
			path = Enums;
			sourceTree = "<group>";
		};
		427216652AB3832400F09075 /* TextField */ = {
			isa = PBXGroup;
			children = (
				423A2D752A9BD2B800C23D04 /* TextFieldModifier.swift */,
			);
			path = TextField;
			sourceTree = "<group>";
		};
		427216662AB3835900F09075 /* Color */ = {
			isa = PBXGroup;
			children = (
				423A2D6A2A9B5D5D00C23D04 /* Color.swift */,
			);
			path = Color;
			sourceTree = "<group>";
		};
		427216672AB3837B00F09075 /* Reources */ = {
			isa = PBXGroup;
			children = (
				424F460F2A993E4000FA7376 /* Icons.xcassets */,
				424F460A2A993D4700FA7376 /* Colors.xcassets */,
				424F46082A993D3200FA7376 /* Images.xcassets */,
				424F45DB2A99328900FA7376 /* Assets.xcassets */,
			);
			path = Reources;
			sourceTree = "<group>";
		};
		427216682AB3849400F09075 /* SignUp */ = {
			isa = PBXGroup;
			children = (
				423A2D6D2A9B86BB00C23D04 /* SingUpView.swift */,
			);
			path = SignUp;
			sourceTree = "<group>";
		};
		42C8A8322A9E97B700A36F81 /* ForgetPassword */ = {
			isa = PBXGroup;
			children = (
				42C8A8332A9E97CA00A36F81 /* ForgetPasswordView.swift */,
				42C8A8352A9F4ACA00A36F81 /* VerificationCodeView.swift */,
				42F2A4D52AACA0B700043EC7 /* CreateNewPasswordView.swift */,
			);
			path = ForgetPassword;
			sourceTree = "<group>";
		};
		42F221322ABA34990056F620 /* Theme */ = {
			isa = PBXGroup;
			children = (
				42F221332ABA34B40056F620 /* ThemeManager.swift */,
			);
			path = Theme;
			sourceTree = "<group>";
		};
		42F221372ABCE7F70056F620 /* Error */ = {
			isa = PBXGroup;
			children = (
				42F221382ABCE8330056F620 /* ErrorModel.swift */,
			);
			path = Error;
			sourceTree = "<group>";
		};
/* End PBXGroup section */

/* Begin PBXNativeTarget section */
		424F45D32A99328800FA7376 /* FluxStore */ = {
			isa = PBXNativeTarget;
			buildConfigurationList = 424F45F82A99328900FA7376 /* Build configuration list for PBXNativeTarget "FluxStore" */;
			buildPhases = (
				424F45D02A99328800FA7376 /* Sources */,
				424F45D12A99328800FA7376 /* Frameworks */,
				424F45D22A99328800FA7376 /* Resources */,
			);
			buildRules = (
			);
			dependencies = (
			);
			name = FluxStore;
			packageProductDependencies = (
			);
			productName = FluxStore;
			productReference = 424F45D42A99328800FA7376 /* FluxStore.app */;
			productType = "com.apple.product-type.application";
		};
		424F45E32A99328900FA7376 /* FluxStoreTests */ = {
			isa = PBXNativeTarget;
			buildConfigurationList = 424F45FB2A99328900FA7376 /* Build configuration list for PBXNativeTarget "FluxStoreTests" */;
			buildPhases = (
				424F45E02A99328900FA7376 /* Sources */,
				424F45E12A99328900FA7376 /* Frameworks */,
				424F45E22A99328900FA7376 /* Resources */,
			);
			buildRules = (
			);
			dependencies = (
				424F45E62A99328900FA7376 /* PBXTargetDependency */,
			);
			name = FluxStoreTests;
			productName = FluxStoreTests;
			productReference = 424F45E42A99328900FA7376 /* FluxStoreTests.xctest */;
			productType = "com.apple.product-type.bundle.unit-test";
		};
		424F45ED2A99328900FA7376 /* FluxStoreUITests */ = {
			isa = PBXNativeTarget;
			buildConfigurationList = 424F45FE2A99328900FA7376 /* Build configuration list for PBXNativeTarget "FluxStoreUITests" */;
			buildPhases = (
				424F45EA2A99328900FA7376 /* Sources */,
				424F45EB2A99328900FA7376 /* Frameworks */,
				424F45EC2A99328900FA7376 /* Resources */,
			);
			buildRules = (
			);
			dependencies = (
				424F45F02A99328900FA7376 /* PBXTargetDependency */,
			);
			name = FluxStoreUITests;
			productName = FluxStoreUITests;
			productReference = 424F45EE2A99328900FA7376 /* FluxStoreUITests.xctest */;
			productType = "com.apple.product-type.bundle.ui-testing";
		};
/* End PBXNativeTarget section */

/* Begin PBXProject section */
		424F45CC2A99328800FA7376 /* Project object */ = {
			isa = PBXProject;
			attributes = {
				BuildIndependentTargetsInParallel = 1;
				LastSwiftUpdateCheck = 1430;
				LastUpgradeCheck = 1430;
				TargetAttributes = {
					424F45D32A99328800FA7376 = {
						CreatedOnToolsVersion = 14.3;
					};
					424F45E32A99328900FA7376 = {
						CreatedOnToolsVersion = 14.3;
						TestTargetID = 424F45D32A99328800FA7376;
					};
					424F45ED2A99328900FA7376 = {
						CreatedOnToolsVersion = 14.3;
						TestTargetID = 424F45D32A99328800FA7376;
					};
				};
			};
			buildConfigurationList = 424F45CF2A99328800FA7376 /* Build configuration list for PBXProject "FluxStore" */;
			compatibilityVersion = "Xcode 14.0";
			developmentRegion = en;
			hasScannedForEncodings = 0;
			knownRegions = (
				en,
				Base,
			);
			mainGroup = 424F45CB2A99328800FA7376;
			packageReferences = (
			);
			productRefGroup = 424F45D52A99328800FA7376 /* Products */;
			projectDirPath = "";
			projectRoot = "";
			targets = (
				424F45D32A99328800FA7376 /* FluxStore */,
				424F45E32A99328900FA7376 /* FluxStoreTests */,
				424F45ED2A99328900FA7376 /* FluxStoreUITests */,
			);
		};
/* End PBXProject section */

/* Begin PBXResourcesBuildPhase section */
		424F45D22A99328800FA7376 /* Resources */ = {
			isa = PBXResourcesBuildPhase;
			buildActionMask = 2147483647;
			files = (
				424F46092A993D3200FA7376 /* Images.xcassets in Resources */,
				424F460B2A993D4700FA7376 /* Colors.xcassets in Resources */,
				424F45DF2A99328900FA7376 /* Preview Assets.xcassets in Resources */,
				424F45DC2A99328900FA7376 /* Assets.xcassets in Resources */,
				424F46102A993E4000FA7376 /* Icons.xcassets in Resources */,
			);
			runOnlyForDeploymentPostprocessing = 0;
		};
		424F45E22A99328900FA7376 /* Resources */ = {
			isa = PBXResourcesBuildPhase;
			buildActionMask = 2147483647;
			files = (
			);
			runOnlyForDeploymentPostprocessing = 0;
		};
		424F45EC2A99328900FA7376 /* Resources */ = {
			isa = PBXResourcesBuildPhase;
			buildActionMask = 2147483647;
			files = (
			);
			runOnlyForDeploymentPostprocessing = 0;
		};
/* End PBXResourcesBuildPhase section */

/* Begin PBXSourcesBuildPhase section */
		424F45D02A99328800FA7376 /* Sources */ = {
			isa = PBXSourcesBuildPhase;
			buildActionMask = 2147483647;
			files = (
				420404A62A9D2284004DE201 /* Icons.swift in Sources */,
				4272165F2AB3821A00F09075 /* BaseSecureTextField.swift in Sources */,
				4262785C2AB5E16F002689B7 /* SetUserModel.swift in Sources */,
				42F2A4D62AACA0B700043EC7 /* CreateNewPasswordView.swift in Sources */,
				420404AF2A9D37E3004DE201 /* TextFieldAutoValidation.swift in Sources */,
				420404AA2A9D3010004DE201 /* LoginView.swift in Sources */,
				42C8A8312A9E864100A36F81 /* SocialIconWidget.swift in Sources */,
				426278662AB61734002689B7 /* ToastModifier.swift in Sources */,
				42C8A8342A9E97CA00A36F81 /* ForgetPasswordView.swift in Sources */,
				420404AC2A9D31DF004DE201 /* TestView.swift in Sources */,
				426278642AB616EB002689B7 /* Toast.swift in Sources */,
				424AD6642AB723C80020AC42 /* AdaptsToKeyboard.swift in Sources */,
				420404A82A9D25AE004DE201 /* CenterModifier.swift in Sources */,
				423A2D6B2A9B5D5D00C23D04 /* Color.swift in Sources */,
				424AD66A2AB78B8D0020AC42 /* SetUserPasswordModel.swift in Sources */,
				42F221342ABA34B40056F620 /* ThemeManager.swift in Sources */,
				4272165E2AB3821A00F09075 /* BaseTextField.swift in Sources */,
				42F221362ABA3EF80056F620 /* TextFieldValidation.swift in Sources */,
				4262786A2AB619EC002689B7 /* Toast+View+Extension.swift in Sources */,
				4262786D2AB634D7002689B7 /* AppStorageManager.swift in Sources */,
				424AD66F2AB8E55A0020AC42 /* HomePage.swift in Sources */,
				424F46142A9940A800FA7376 /* Images.swift in Sources */,
				423A2D632A9A9E2C00C23D04 /* GetStartedButton.swift in Sources */,
				420404A42A9D1FB2004DE201 /* PrimaryButton.swift in Sources */,
				424145122AB24508009DD21D /* BasicToolBar.swift in Sources */,
				426278552AB5D9CB002689B7 /* NetworkManager.swift in Sources */,
				426278732AB65063002689B7 /* LoginModel.swift in Sources */,
				424F460E2A993DC100FA7376 /* WelcomeView.swift in Sources */,
				42C8A8362A9F4ACA00A36F81 /* VerificationCodeView.swift in Sources */,
				4262785F2AB61685002689B7 /* ToastView.swift in Sources */,
				42F221392ABCE8330056F620 /* ErrorModel.swift in Sources */,
				423A2D762A9BD2B800C23D04 /* TextFieldModifier.swift in Sources */,
				424F45D82A99328800FA7376 /* FluxStoreApp.swift in Sources */,
				426278612AB616C8002689B7 /* ToastStyle.swift in Sources */,
				42C8A82F2A9E739400A36F81 /* Banner.swift in Sources */,
				423A2D6E2A9B86BB00C23D04 /* SingUpView.swift in Sources */,
				423A2D672A9B4E2D00C23D04 /* IntroView.swift in Sources */,
				426278532AB5D9A9002689B7 /* Endpoint.swift in Sources */,
				424AD6682AB741890020AC42 /* ForgetPasswordModel.swift in Sources */,
				424AD66C2AB797740020AC42 /* KeyChainManager.swift in Sources */,
			);
			runOnlyForDeploymentPostprocessing = 0;
		};
		424F45E02A99328900FA7376 /* Sources */ = {
			isa = PBXSourcesBuildPhase;
			buildActionMask = 2147483647;
			files = (
				424F45E92A99328900FA7376 /* FluxStoreTests.swift in Sources */,
			);
			runOnlyForDeploymentPostprocessing = 0;
		};
		424F45EA2A99328900FA7376 /* Sources */ = {
			isa = PBXSourcesBuildPhase;
			buildActionMask = 2147483647;
			files = (
				424F45F32A99328900FA7376 /* FluxStoreUITests.swift in Sources */,
				424F45F52A99328900FA7376 /* FluxStoreUITestsLaunchTests.swift in Sources */,
			);
			runOnlyForDeploymentPostprocessing = 0;
		};
/* End PBXSourcesBuildPhase section */

/* Begin PBXTargetDependency section */
		424F45E62A99328900FA7376 /* PBXTargetDependency */ = {
			isa = PBXTargetDependency;
			target = 424F45D32A99328800FA7376 /* FluxStore */;
			targetProxy = 424F45E52A99328900FA7376 /* PBXContainerItemProxy */;
		};
		424F45F02A99328900FA7376 /* PBXTargetDependency */ = {
			isa = PBXTargetDependency;
			target = 424F45D32A99328800FA7376 /* FluxStore */;
			targetProxy = 424F45EF2A99328900FA7376 /* PBXContainerItemProxy */;
		};
/* End PBXTargetDependency section */

/* Begin XCBuildConfiguration section */
		424F45F62A99328900FA7376 /* Debug */ = {
			isa = XCBuildConfiguration;
			buildSettings = {
				ALWAYS_SEARCH_USER_PATHS = NO;
				CLANG_ANALYZER_NONNULL = YES;
				CLANG_ANALYZER_NUMBER_OBJECT_CONVERSION = YES_AGGRESSIVE;
				CLANG_CXX_LANGUAGE_STANDARD = "gnu++20";
				CLANG_ENABLE_MODULES = YES;
				CLANG_ENABLE_OBJC_ARC = YES;
				CLANG_ENABLE_OBJC_WEAK = YES;
				CLANG_WARN_BLOCK_CAPTURE_AUTORELEASING = YES;
				CLANG_WARN_BOOL_CONVERSION = YES;
				CLANG_WARN_COMMA = YES;
				CLANG_WARN_CONSTANT_CONVERSION = YES;
				CLANG_WARN_DEPRECATED_OBJC_IMPLEMENTATIONS = YES;
				CLANG_WARN_DIRECT_OBJC_ISA_USAGE = YES_ERROR;
				CLANG_WARN_DOCUMENTATION_COMMENTS = YES;
				CLANG_WARN_EMPTY_BODY = YES;
				CLANG_WARN_ENUM_CONVERSION = YES;
				CLANG_WARN_INFINITE_RECURSION = YES;
				CLANG_WARN_INT_CONVERSION = YES;
				CLANG_WARN_NON_LITERAL_NULL_CONVERSION = YES;
				CLANG_WARN_OBJC_IMPLICIT_RETAIN_SELF = YES;
				CLANG_WARN_OBJC_LITERAL_CONVERSION = YES;
				CLANG_WARN_OBJC_ROOT_CLASS = YES_ERROR;
				CLANG_WARN_QUOTED_INCLUDE_IN_FRAMEWORK_HEADER = YES;
				CLANG_WARN_RANGE_LOOP_ANALYSIS = YES;
				CLANG_WARN_STRICT_PROTOTYPES = YES;
				CLANG_WARN_SUSPICIOUS_MOVE = YES;
				CLANG_WARN_UNGUARDED_AVAILABILITY = YES_AGGRESSIVE;
				CLANG_WARN_UNREACHABLE_CODE = YES;
				CLANG_WARN__DUPLICATE_METHOD_MATCH = YES;
				COPY_PHASE_STRIP = NO;
				DEBUG_INFORMATION_FORMAT = dwarf;
				ENABLE_STRICT_OBJC_MSGSEND = YES;
				ENABLE_TESTABILITY = YES;
				GCC_C_LANGUAGE_STANDARD = gnu11;
				GCC_DYNAMIC_NO_PIC = NO;
				GCC_NO_COMMON_BLOCKS = YES;
				GCC_OPTIMIZATION_LEVEL = 0;
				GCC_PREPROCESSOR_DEFINITIONS = (
					"DEBUG=1",
					"$(inherited)",
				);
				GCC_WARN_64_TO_32_BIT_CONVERSION = YES;
				GCC_WARN_ABOUT_RETURN_TYPE = YES_ERROR;
				GCC_WARN_UNDECLARED_SELECTOR = YES;
				GCC_WARN_UNINITIALIZED_AUTOS = YES_AGGRESSIVE;
				GCC_WARN_UNUSED_FUNCTION = YES;
				GCC_WARN_UNUSED_VARIABLE = YES;
				IPHONEOS_DEPLOYMENT_TARGET = 16.4;
				MTL_ENABLE_DEBUG_INFO = INCLUDE_SOURCE;
				MTL_FAST_MATH = YES;
				ONLY_ACTIVE_ARCH = YES;
				SDKROOT = iphoneos;
				SWIFT_ACTIVE_COMPILATION_CONDITIONS = DEBUG;
				SWIFT_OPTIMIZATION_LEVEL = "-Onone";
			};
			name = Debug;
		};
		424F45F72A99328900FA7376 /* Release */ = {
			isa = XCBuildConfiguration;
			buildSettings = {
				ALWAYS_SEARCH_USER_PATHS = NO;
				CLANG_ANALYZER_NONNULL = YES;
				CLANG_ANALYZER_NUMBER_OBJECT_CONVERSION = YES_AGGRESSIVE;
				CLANG_CXX_LANGUAGE_STANDARD = "gnu++20";
				CLANG_ENABLE_MODULES = YES;
				CLANG_ENABLE_OBJC_ARC = YES;
				CLANG_ENABLE_OBJC_WEAK = YES;
				CLANG_WARN_BLOCK_CAPTURE_AUTORELEASING = YES;
				CLANG_WARN_BOOL_CONVERSION = YES;
				CLANG_WARN_COMMA = YES;
				CLANG_WARN_CONSTANT_CONVERSION = YES;
				CLANG_WARN_DEPRECATED_OBJC_IMPLEMENTATIONS = YES;
				CLANG_WARN_DIRECT_OBJC_ISA_USAGE = YES_ERROR;
				CLANG_WARN_DOCUMENTATION_COMMENTS = YES;
				CLANG_WARN_EMPTY_BODY = YES;
				CLANG_WARN_ENUM_CONVERSION = YES;
				CLANG_WARN_INFINITE_RECURSION = YES;
				CLANG_WARN_INT_CONVERSION = YES;
				CLANG_WARN_NON_LITERAL_NULL_CONVERSION = YES;
				CLANG_WARN_OBJC_IMPLICIT_RETAIN_SELF = YES;
				CLANG_WARN_OBJC_LITERAL_CONVERSION = YES;
				CLANG_WARN_OBJC_ROOT_CLASS = YES_ERROR;
				CLANG_WARN_QUOTED_INCLUDE_IN_FRAMEWORK_HEADER = YES;
				CLANG_WARN_RANGE_LOOP_ANALYSIS = YES;
				CLANG_WARN_STRICT_PROTOTYPES = YES;
				CLANG_WARN_SUSPICIOUS_MOVE = YES;
				CLANG_WARN_UNGUARDED_AVAILABILITY = YES_AGGRESSIVE;
				CLANG_WARN_UNREACHABLE_CODE = YES;
				CLANG_WARN__DUPLICATE_METHOD_MATCH = YES;
				COPY_PHASE_STRIP = NO;
				DEBUG_INFORMATION_FORMAT = "dwarf-with-dsym";
				ENABLE_NS_ASSERTIONS = NO;
				ENABLE_STRICT_OBJC_MSGSEND = YES;
				GCC_C_LANGUAGE_STANDARD = gnu11;
				GCC_NO_COMMON_BLOCKS = YES;
				GCC_WARN_64_TO_32_BIT_CONVERSION = YES;
				GCC_WARN_ABOUT_RETURN_TYPE = YES_ERROR;
				GCC_WARN_UNDECLARED_SELECTOR = YES;
				GCC_WARN_UNINITIALIZED_AUTOS = YES_AGGRESSIVE;
				GCC_WARN_UNUSED_FUNCTION = YES;
				GCC_WARN_UNUSED_VARIABLE = YES;
				IPHONEOS_DEPLOYMENT_TARGET = 16.4;
				MTL_ENABLE_DEBUG_INFO = NO;
				MTL_FAST_MATH = YES;
				SDKROOT = iphoneos;
				SWIFT_COMPILATION_MODE = wholemodule;
				SWIFT_OPTIMIZATION_LEVEL = "-O";
				VALIDATE_PRODUCT = YES;
			};
			name = Release;
		};
		424F45F92A99328900FA7376 /* Debug */ = {
			isa = XCBuildConfiguration;
			buildSettings = {
				ASSETCATALOG_COMPILER_APPICON_NAME = AppIcon;
				ASSETCATALOG_COMPILER_GLOBAL_ACCENT_COLOR_NAME = AccentColor;
				CODE_SIGN_STYLE = Automatic;
				CURRENT_PROJECT_VERSION = 1;
				DEVELOPMENT_ASSET_PATHS = "\"FluxStore/Preview Content\"";
				ENABLE_PREVIEWS = YES;
				GENERATE_INFOPLIST_FILE = YES;
				INFOPLIST_KEY_UIApplicationSceneManifest_Generation = YES;
				INFOPLIST_KEY_UIApplicationSupportsIndirectInputEvents = YES;
				INFOPLIST_KEY_UILaunchScreen_Generation = YES;
				INFOPLIST_KEY_UISupportedInterfaceOrientations_iPad = "UIInterfaceOrientationPortrait UIInterfaceOrientationPortraitUpsideDown UIInterfaceOrientationLandscapeLeft UIInterfaceOrientationLandscapeRight";
				INFOPLIST_KEY_UISupportedInterfaceOrientations_iPhone = "UIInterfaceOrientationPortrait UIInterfaceOrientationLandscapeLeft UIInterfaceOrientationLandscapeRight";
				LD_RUNPATH_SEARCH_PATHS = (
					"$(inherited)",
					"@executable_path/Frameworks",
				);
				MARKETING_VERSION = 1.0;
				PRODUCT_BUNDLE_IDENTIFIER = com.fluxstore.FluxStore;
				PRODUCT_NAME = "$(TARGET_NAME)";
				SWIFT_EMIT_LOC_STRINGS = YES;
				SWIFT_VERSION = 5.0;
				TARGETED_DEVICE_FAMILY = "1,2";
			};
			name = Debug;
		};
		424F45FA2A99328900FA7376 /* Release */ = {
			isa = XCBuildConfiguration;
			buildSettings = {
				ASSETCATALOG_COMPILER_APPICON_NAME = AppIcon;
				ASSETCATALOG_COMPILER_GLOBAL_ACCENT_COLOR_NAME = AccentColor;
				CODE_SIGN_STYLE = Automatic;
				CURRENT_PROJECT_VERSION = 1;
				DEVELOPMENT_ASSET_PATHS = "\"FluxStore/Preview Content\"";
				ENABLE_PREVIEWS = YES;
				GENERATE_INFOPLIST_FILE = YES;
				INFOPLIST_KEY_UIApplicationSceneManifest_Generation = YES;
				INFOPLIST_KEY_UIApplicationSupportsIndirectInputEvents = YES;
				INFOPLIST_KEY_UILaunchScreen_Generation = YES;
				INFOPLIST_KEY_UISupportedInterfaceOrientations_iPad = "UIInterfaceOrientationPortrait UIInterfaceOrientationPortraitUpsideDown UIInterfaceOrientationLandscapeLeft UIInterfaceOrientationLandscapeRight";
				INFOPLIST_KEY_UISupportedInterfaceOrientations_iPhone = "UIInterfaceOrientationPortrait UIInterfaceOrientationLandscapeLeft UIInterfaceOrientationLandscapeRight";
				LD_RUNPATH_SEARCH_PATHS = (
					"$(inherited)",
					"@executable_path/Frameworks",
				);
				MARKETING_VERSION = 1.0;
				PRODUCT_BUNDLE_IDENTIFIER = com.fluxstore.FluxStore;
				PRODUCT_NAME = "$(TARGET_NAME)";
				SWIFT_EMIT_LOC_STRINGS = YES;
				SWIFT_VERSION = 5.0;
				TARGETED_DEVICE_FAMILY = "1,2";
			};
			name = Release;
		};
		424F45FC2A99328900FA7376 /* Debug */ = {
			isa = XCBuildConfiguration;
			buildSettings = {
				ALWAYS_EMBED_SWIFT_STANDARD_LIBRARIES = YES;
				BUNDLE_LOADER = "$(TEST_HOST)";
				CODE_SIGN_STYLE = Automatic;
				CURRENT_PROJECT_VERSION = 1;
				GENERATE_INFOPLIST_FILE = YES;
				IPHONEOS_DEPLOYMENT_TARGET = 16.4;
				MARKETING_VERSION = 1.0;
				PRODUCT_BUNDLE_IDENTIFIER = com.fluxstore.FluxStoreTests;
				PRODUCT_NAME = "$(TARGET_NAME)";
				SWIFT_EMIT_LOC_STRINGS = NO;
				SWIFT_VERSION = 5.0;
				TARGETED_DEVICE_FAMILY = "1,2";
				TEST_HOST = "$(BUILT_PRODUCTS_DIR)/FluxStore.app/$(BUNDLE_EXECUTABLE_FOLDER_PATH)/FluxStore";
			};
			name = Debug;
		};
		424F45FD2A99328900FA7376 /* Release */ = {
			isa = XCBuildConfiguration;
			buildSettings = {
				ALWAYS_EMBED_SWIFT_STANDARD_LIBRARIES = YES;
				BUNDLE_LOADER = "$(TEST_HOST)";
				CODE_SIGN_STYLE = Automatic;
				CURRENT_PROJECT_VERSION = 1;
				GENERATE_INFOPLIST_FILE = YES;
				IPHONEOS_DEPLOYMENT_TARGET = 16.4;
				MARKETING_VERSION = 1.0;
				PRODUCT_BUNDLE_IDENTIFIER = com.fluxstore.FluxStoreTests;
				PRODUCT_NAME = "$(TARGET_NAME)";
				SWIFT_EMIT_LOC_STRINGS = NO;
				SWIFT_VERSION = 5.0;
				TARGETED_DEVICE_FAMILY = "1,2";
				TEST_HOST = "$(BUILT_PRODUCTS_DIR)/FluxStore.app/$(BUNDLE_EXECUTABLE_FOLDER_PATH)/FluxStore";
			};
			name = Release;
		};
		424F45FF2A99328900FA7376 /* Debug */ = {
			isa = XCBuildConfiguration;
			buildSettings = {
				ALWAYS_EMBED_SWIFT_STANDARD_LIBRARIES = YES;
				CODE_SIGN_STYLE = Automatic;
				CURRENT_PROJECT_VERSION = 1;
				GENERATE_INFOPLIST_FILE = YES;
				MARKETING_VERSION = 1.0;
				PRODUCT_BUNDLE_IDENTIFIER = com.fluxstore.FluxStoreUITests;
				PRODUCT_NAME = "$(TARGET_NAME)";
				SWIFT_EMIT_LOC_STRINGS = NO;
				SWIFT_VERSION = 5.0;
				TARGETED_DEVICE_FAMILY = "1,2";
				TEST_TARGET_NAME = FluxStore;
			};
			name = Debug;
		};
		424F46002A99328900FA7376 /* Release */ = {
			isa = XCBuildConfiguration;
			buildSettings = {
				ALWAYS_EMBED_SWIFT_STANDARD_LIBRARIES = YES;
				CODE_SIGN_STYLE = Automatic;
				CURRENT_PROJECT_VERSION = 1;
				GENERATE_INFOPLIST_FILE = YES;
				MARKETING_VERSION = 1.0;
				PRODUCT_BUNDLE_IDENTIFIER = com.fluxstore.FluxStoreUITests;
				PRODUCT_NAME = "$(TARGET_NAME)";
				SWIFT_EMIT_LOC_STRINGS = NO;
				SWIFT_VERSION = 5.0;
				TARGETED_DEVICE_FAMILY = "1,2";
				TEST_TARGET_NAME = FluxStore;
			};
			name = Release;
		};
/* End XCBuildConfiguration section */

/* Begin XCConfigurationList section */
		424F45CF2A99328800FA7376 /* Build configuration list for PBXProject "FluxStore" */ = {
			isa = XCConfigurationList;
			buildConfigurations = (
				424F45F62A99328900FA7376 /* Debug */,
				424F45F72A99328900FA7376 /* Release */,
			);
			defaultConfigurationIsVisible = 0;
			defaultConfigurationName = Release;
		};
		424F45F82A99328900FA7376 /* Build configuration list for PBXNativeTarget "FluxStore" */ = {
			isa = XCConfigurationList;
			buildConfigurations = (
				424F45F92A99328900FA7376 /* Debug */,
				424F45FA2A99328900FA7376 /* Release */,
			);
			defaultConfigurationIsVisible = 0;
			defaultConfigurationName = Release;
		};
		424F45FB2A99328900FA7376 /* Build configuration list for PBXNativeTarget "FluxStoreTests" */ = {
			isa = XCConfigurationList;
			buildConfigurations = (
				424F45FC2A99328900FA7376 /* Debug */,
				424F45FD2A99328900FA7376 /* Release */,
			);
			defaultConfigurationIsVisible = 0;
			defaultConfigurationName = Release;
		};
		424F45FE2A99328900FA7376 /* Build configuration list for PBXNativeTarget "FluxStoreUITests" */ = {
			isa = XCConfigurationList;
			buildConfigurations = (
				424F45FF2A99328900FA7376 /* Debug */,
				424F46002A99328900FA7376 /* Release */,
			);
			defaultConfigurationIsVisible = 0;
			defaultConfigurationName = Release;
		};
/* End XCConfigurationList section */
	};
	rootObject = 424F45CC2A99328800FA7376 /* Project object */;
}
